
Microsoft Visual Studio Solution File, Format Version 12.00
# Visual Studio 15
VisualStudioVersion = 15.0.28307.421
MinimumVisualStudioVersion = 10.0.40219.1
Project("{8BC9CEB8-8B4A-11D0-8D11-00A0C91BC942}") = "WemosRemote", "WemosRemote\WemosRemote.vcxproj", "{C5F80730-F44F-4478-BDAE-6634EFC2CA88}"
EndProject
Project("{2150E333-8FDC-42A3-9474-1A3956D46DE8}") = "Solution Items", "Solution Items", "{B3B24EE9-74E3-484E-A943-190F1E2EEBF7}"
	ProjectSection(SolutionItems) = preProject
		..\LICENSE = ..\LICENSE
		..\README.md = ..\README.md
	EndProjectSection
EndProject
Project("{8BC9CEB8-8B4A-11D0-8D11-00A0C91BC942}") = "Transmitter", "Transmitter\Transmitter.vcxproj", "{5C1E0676-FD65-4A35-9E1F-F7DE9A79C21D}"
EndProject
Project("{8BC9CEB8-8B4A-11D0-8D11-00A0C91BC942}") = "Receiver", "Receiver\Receiver.vcxproj", "{E5C50779-40A9-4265-A8CC-C707BF8945EB}"
EndProject
Project("{8BC9CEB8-8B4A-11D0-8D11-00A0C91BC942}") = "Test", "Test\Test.vcxproj", "{A1DC7A65-8647-4497-92C8-DD595ED92D1C}"
EndProject
Global
	GlobalSection(SolutionConfigurationPlatforms) = preSolution
		Debug|x86 = Debug|x86
		Release|x86 = Release|x86
	EndGlobalSection
	GlobalSection(ProjectConfigurationPlatforms) = postSolution
		{C5F80730-F44F-4478-BDAE-6634EFC2CA88}.Debug|x86.ActiveCfg = Debug|Win32
		{C5F80730-F44F-4478-BDAE-6634EFC2CA88}.Debug|x86.Build.0 = Debug|Win32
		{C5F80730-F44F-4478-BDAE-6634EFC2CA88}.Release|x86.ActiveCfg = Release|Win32
		{C5F80730-F44F-4478-BDAE-6634EFC2CA88}.Release|x86.Build.0 = Release|Win32
		{5C1E0676-FD65-4A35-9E1F-F7DE9A79C21D}.Debug|x86.ActiveCfg = Debug|Win32
		{5C1E0676-FD65-4A35-9E1F-F7DE9A79C21D}.Debug|x86.Build.0 = Debug|Win32
		{5C1E0676-FD65-4A35-9E1F-F7DE9A79C21D}.Release|x86.ActiveCfg = Release|Win32
		{5C1E0676-FD65-4A35-9E1F-F7DE9A79C21D}.Release|x86.Build.0 = Release|Win32
		{E5C50779-40A9-4265-A8CC-C707BF8945EB}.Debug|x86.ActiveCfg = Debug|Win32
		{E5C50779-40A9-4265-A8CC-C707BF8945EB}.Debug|x86.Build.0 = Debug|Win32
		{E5C50779-40A9-4265-A8CC-C707BF8945EB}.Release|x86.ActiveCfg = Release|Win32
		{E5C50779-40A9-4265-A8CC-C707BF8945EB}.Release|x86.Build.0 = Release|Win32
		{A1DC7A65-8647-4497-92C8-DD595ED92D1C}.Debug|x86.ActiveCfg = Debug|Win32
		{A1DC7A65-8647-4497-92C8-DD595ED92D1C}.Debug|x86.Build.0 = Debug|Win32
		{A1DC7A65-8647-4497-92C8-DD595ED92D1C}.Release|x86.ActiveCfg = Release|Win32
		{A1DC7A65-8647-4497-92C8-DD595ED92D1C}.Release|x86.Build.0 = Release|Win32
	EndGlobalSection
	GlobalSection(SolutionProperties) = preSolution
		HideSolutionNode = FALSE
	EndGlobalSection
	GlobalSection(ExtensibilityGlobals) = postSolution
		SolutionGuid = {1D33D3D1-4139-4FC2-972E-DE73A37F2CD1}
	EndGlobalSection
EndGlobal
