<?xml version="1.0" encoding="utf-8"?>
<Project ToolsVersion="4.0" xmlns="http://schemas.microsoft.com/developer/msbuild/2003">
  <ItemGroup>
    <Filter Include="Source Files">
      <UniqueIdentifier>{4FC737F1-C7A5-4376-A066-2A32D752A2FF}</UniqueIdentifier>
      <Extensions>cpp;c;cc;cxx;def;odl;idl;hpj;bat;asm;asmx</Extensions>
    </Filter>
    <Filter Include="Header Files">
      <UniqueIdentifier>{93995380-89BD-4b04-88EB-625FBE52EBFB}</UniqueIdentifier>
      <Extensions>h;hh;hpp;hxx;hm;inl;inc;xsd</Extensions>
    </Filter>
    <Filter Include="Misc Files">
      <UniqueIdentifier>{67DA6AB6-F800-4c08-8B7A-83BB121AAD01}</UniqueIdentifier>
      <Extensions>xml;json;txt;rc;ico;cur;bmp;dlg;rc2;rct;bin;rgs;gif;jpg;jpeg;jpe;resx;tiff;tif;png;wav;mfcribbon-ms</Extensions>
    </Filter>
  </ItemGroup>
  <ItemGroup>
    <None Include="Receiver.ino" />
    <None Include="src\arduino folders read me.txt">
      <Filter>Misc Files</Filter>
    </None>
    <None Include="data\html\index.html" />
    <None Include="data\html\kushlavr.js" />
    <None Include="data\html\jquery.js" />
    <None Include="data\html\bootstrap.css" />
    <None Include="data\config.json">
      <Filter>Misc Files</Filter>
    </None>
  </ItemGroup>
  <ItemGroup>
    <ClInclude Include="__vm\.Receiver.vsarduino.h">
      <Filter>Header Files</Filter>
    </ClInclude>
    <ClInclude Include="Console.h">
      <Filter>Header Files</Filter>
    </ClInclude>
    <ClInclude Include="Json.h">
      <Filter>Header Files</Filter>
    </ClInclude>
    <ClInclude Include="WebUIController.h">
      <Filter>Header Files</Filter>
    </ClInclude>
    <ClInclude Include="BenchMark.h">
      <Filter>Header Files</Filter>
    </ClInclude>
    <ClInclude Include="Blinker.h">
      <Filter>Header Files</Filter>
    </ClInclude>
    <ClInclude Include="Button.h">
      <Filter>Header Files</Filter>
    </ClInclude>
    <ClInclude Include="PCF8574.h">
      <Filter>Header Files</Filter>
    </ClInclude>
    <ClInclude Include="SetupController.h">
      <Filter>Header Files</Filter>
    </ClInclude>
  </ItemGroup>
  <ItemGroup>
    <ClCompile Include="Console.cpp">
      <Filter>Source Files</Filter>
    </ClCompile>
    <ClCompile Include="Json.cpp">
      <Filter>Source Files</Filter>
    </ClCompile>
    <ClCompile Include="WebUIController.cpp">
      <Filter>Source Files</Filter>
    </ClCompile>
    <ClCompile Include="BenchMark.cpp">
      <Filter>Source Files</Filter>
    </ClCompile>
    <ClCompile Include="Blinker.cpp">
      <Filter>Source Files</Filter>
    </ClCompile>
    <ClCompile Include="Button.cpp">
      <Filter>Source Files</Filter>
    </ClCompile>
    <ClCompile Include="PCF8574.cpp">
      <Filter>Source Files</Filter>
    </ClCompile>
    <ClCompile Include="SetupController.cpp">
      <Filter>Source Files</Filter>
    </ClCompile>
  </ItemGroup>
  <ItemGroup>
    <Text Include="data\intro.txt">
      <Filter>Misc Files</Filter>
    </Text>
  </ItemGroup>
  <ItemGroup>
    <Image Include="data\html\gaz13.jpg">
      <Filter>Misc Files</Filter>
    </Image>
  </ItemGroup>
</Project>